// !$*UTF8*$!
{
	archiveVersion = 1;
	classes = {
	};
	objectVersion = 50;
	objects = {

/* Begin PBXBuildFile section */
		01014E5825F15532005626F4 /* Assets.xcassets in Resources */ = {isa = PBXBuildFile; fileRef = 01014E5725F15532005626F4 /* Assets.xcassets */; };
		01D07CA425EB6CCF00BBA5DB /* AppDelegate.swift in Sources */ = {isa = PBXBuildFile; fileRef = 01D07CA325EB6CCF00BBA5DB /* AppDelegate.swift */; };
		01D07CA625EB6CCF00BBA5DB /* SceneDelegate.swift in Sources */ = {isa = PBXBuildFile; fileRef = 01D07CA525EB6CCF00BBA5DB /* SceneDelegate.swift */; };
		01D07CA825EB6CCF00BBA5DB /* ContentView.swift in Sources */ = {isa = PBXBuildFile; fileRef = 01D07CA725EB6CCF00BBA5DB /* ContentView.swift */; };
		01D07CAD25EB6CD000BBA5DB /* Preview Assets.xcassets in Resources */ = {isa = PBXBuildFile; fileRef = 01D07CAC25EB6CD000BBA5DB /* Preview Assets.xcassets */; };
		01D07CB025EB6CD000BBA5DB /* LaunchScreen.storyboard in Resources */ = {isa = PBXBuildFile; fileRef = 01D07CAE25EB6CD000BBA5DB /* LaunchScreen.storyboard */; };
		01D07CC125EBA4E900BBA5DB /* VrScene.swift in Sources */ = {isa = PBXBuildFile; fileRef = 01D07CC025EBA4E900BBA5DB /* VrScene.swift */; };
		2B4BCFAB27215157007E69D7 /* saionsquare_001.mp4 in Resources */ = {isa = PBXBuildFile; fileRef = 2B4BCFAA27215149007E69D7 /* saionsquare_001.mp4 */; };
/* End PBXBuildFile section */

/* Begin PBXFileReference section */
		01014E5725F15532005626F4 /* Assets.xcassets */ = {isa = PBXFileReference; lastKnownFileType = folder.assetcatalog; path = Assets.xcassets; sourceTree = "<group>"; };
		01D07CA025EB6CCF00BBA5DB /* VrPlayer.app */ = {isa = PBXFileReference; explicitFileType = wrapper.application; includeInIndex = 0; path = VrPlayer.app; sourceTree = BUILT_PRODUCTS_DIR; };
		01D07CA325EB6CCF00BBA5DB /* AppDelegate.swift */ = {isa = PBXFileReference; lastKnownFileType = sourcecode.swift; path = AppDelegate.swift; sourceTree = "<group>"; };
		01D07CA525EB6CCF00BBA5DB /* SceneDelegate.swift */ = {isa = PBXFileReference; lastKnownFileType = sourcecode.swift; path = SceneDelegate.swift; sourceTree = "<group>"; };
		01D07CA725EB6CCF00BBA5DB /* ContentView.swift */ = {isa = PBXFileReference; lastKnownFileType = sourcecode.swift; path = ContentView.swift; sourceTree = "<group>"; };
		01D07CAC25EB6CD000BBA5DB /* Preview Assets.xcassets */ = {isa = PBXFileReference; lastKnownFileType = folder.assetcatalog; path = "Preview Assets.xcassets"; sourceTree = "<group>"; };
		01D07CAF25EB6CD000BBA5DB /* Base */ = {isa = PBXFileReference; lastKnownFileType = file.storyboard; name = Base; path = Base.lproj/LaunchScreen.storyboard; sourceTree = "<group>"; };
		01D07CB125EB6CD000BBA5DB /* Info.plist */ = {isa = PBXFileReference; lastKnownFileType = text.plist.xml; path = Info.plist; sourceTree = "<group>"; };
		01D07CC025EBA4E900BBA5DB /* VrScene.swift */ = {isa = PBXFileReference; lastKnownFileType = sourcecode.swift; path = VrScene.swift; sourceTree = "<group>"; };
		2B4BCFAA27215149007E69D7 /* saionsquare_001.mp4 */ = {isa = PBXFileReference; lastKnownFileType = file; path = saionsquare_001.mp4; sourceTree = "<group>"; };
/* End PBXFileReference section */

/* Begin PBXFrameworksBuildPhase section */
		01D07C9D25EB6CCF00BBA5DB /* Frameworks */ = {
			isa = PBXFrameworksBuildPhase;
			buildActionMask = 2147483647;
			files = (
			);
			runOnlyForDeploymentPostprocessing = 0;
		};
/* End PBXFrameworksBuildPhase section */

/* Begin PBXGroup section */
		01D07C9725EB6CCF00BBA5DB = {
			isa = PBXGroup;
			children = (
				01D07CA225EB6CCF00BBA5DB /* VrPlayer */,
				01D07CA125EB6CCF00BBA5DB /* Products */,
			);
			sourceTree = "<group>";
		};
		01D07CA125EB6CCF00BBA5DB /* Products */ = {
			isa = PBXGroup;
			children = (
				01D07CA025EB6CCF00BBA5DB /* VrPlayer.app */,
			);
			name = Products;
			sourceTree = "<group>";
		};
		01D07CA225EB6CCF00BBA5DB /* VrPlayer */ = {
			isa = PBXGroup;
			children = (
				01D07CA325EB6CCF00BBA5DB /* AppDelegate.swift */,
				01D07CA525EB6CCF00BBA5DB /* SceneDelegate.swift */,
				01D07CA725EB6CCF00BBA5DB /* ContentView.swift */,
				01D07CC025EBA4E900BBA5DB /* VrScene.swift */,
				01014E5725F15532005626F4 /* Assets.xcassets */,
				01D07CAE25EB6CD000BBA5DB /* LaunchScreen.storyboard */,
				01D07CB125EB6CD000BBA5DB /* Info.plist */,
				2B4BCFAA27215149007E69D7 /* saionsquare_001.mp4 */,
				01D07CAB25EB6CD000BBA5DB /* Preview Content */,
			);
			path = VrPlayer;
			sourceTree = "<group>";
		};
		01D07CAB25EB6CD000BBA5DB /* Preview Content */ = {
			isa = PBXGroup;
			children = (
				01D07CAC25EB6CD000BBA5DB /* Preview Assets.xcassets */,
			);
			path = "Preview Content";
			sourceTree = "<group>";
		};
/* End PBXGroup section */

/* Begin PBXNativeTarget section */
		01D07C9F25EB6CCF00BBA5DB /* VrPlayer */ = {
			isa = PBXNativeTarget;
			buildConfigurationList = 01D07CB425EB6CD000BBA5DB /* Build configuration list for PBXNativeTarget "VrPlayer" */;
			buildPhases = (
				01D07C9C25EB6CCF00BBA5DB /* Sources */,
				01D07C9D25EB6CCF00BBA5DB /* Frameworks */,
				01D07C9E25EB6CCF00BBA5DB /* Resources */,
			);
			buildRules = (
			);
			dependencies = (
			);
			name = VrPlayer;
			productName = VrPlayer;
			productReference = 01D07CA025EB6CCF00BBA5DB /* VrPlayer.app */;
			productType = "com.apple.product-type.application";
		};
/* End PBXNativeTarget section */

/* Begin PBXProject section */
		01D07C9825EB6CCF00BBA5DB /* Project object */ = {
			isa = PBXProject;
			attributes = {
				LastSwiftUpdateCheck = 1220;
				LastUpgradeCheck = 1220;
				TargetAttributes = {
					01D07C9F25EB6CCF00BBA5DB = {
						CreatedOnToolsVersion = 12.2;
					};
				};
			};
			buildConfigurationList = 01D07C9B25EB6CCF00BBA5DB /* Build configuration list for PBXProject "VrPlayer" */;
			compatibilityVersion = "Xcode 9.3";
			developmentRegion = en;
			hasScannedForEncodings = 0;
			knownRegions = (
				en,
				Base,
			);
			mainGroup = 01D07C9725EB6CCF00BBA5DB;
			productRefGroup = 01D07CA125EB6CCF00BBA5DB /* Products */;
			projectDirPath = "";
			projectRoot = "";
			targets = (
				01D07C9F25EB6CCF00BBA5DB /* VrPlayer */,
			);
		};
/* End PBXProject section */

/* Begin PBXResourcesBuildPhase section */
		01D07C9E25EB6CCF00BBA5DB /* Resources */ = {
			isa = PBXResourcesBuildPhase;
			buildActionMask = 2147483647;
			files = (
				2B4BCFAB27215157007E69D7 /* saionsquare_001.mp4 in Resources */,
				01D07CB025EB6CD000BBA5DB /* LaunchScreen.storyboard in Resources */,
				01014E5825F15532005626F4 /* Assets.xcassets in Resources */,
				01D07CAD25EB6CD000BBA5DB /* Preview Assets.xcassets in Resources */,
			);
			runOnlyForDeploymentPostprocessing = 0;
		};
/* End PBXResourcesBuildPhase section */

/* Begin PBXSourcesBuildPhase section */
		01D07C9C25EB6CCF00BBA5DB /* Sources */ = {
			isa = PBXSourcesBuildPhase;
			buildActionMask = 2147483647;
			files = (
				01D07CA425EB6CCF00BBA5DB /* AppDelegate.swift in Sources */,
				01D07CC125EBA4E900BBA5DB /* VrScene.swift in Sources */,
				01D07CA625EB6CCF00BBA5DB /* SceneDelegate.swift in Sources */,
				01D07CA825EB6CCF00BBA5DB /* ContentView.swift in Sources */,
			);
			runOnlyForDeploymentPostprocessing = 0;
		};
/* End PBXSourcesBuildPhase section */

/* Begin PBXVariantGroup section */
		01D07CAE25EB6CD000BBA5DB /* LaunchScreen.storyboard */ = {
			isa = PBXVariantGroup;
			children = (
				01D07CAF25EB6CD000BBA5DB /* Base */,
			);
			name = LaunchScreen.storyboard;
			sourceTree = "<group>";
		};
/* End PBXVariantGroup section */

/* Begin XCBuildConfiguration section */
		01D07CB225EB6CD000BBA5DB /* Debug */ = {
			isa = XCBuildConfiguration;
			buildSettings = {
				ALWAYS_SEARCH_USER_PATHS = NO;
				CLANG_ANALYZER_NONNULL = YES;
				CLANG_ANALYZER_NUMBER_OBJECT_CONVERSION = YES_AGGRESSIVE;
				CLANG_CXX_LANGUAGE_STANDARD = "gnu++14";
				CLANG_CXX_LIBRARY = "libc++";
				CLANG_ENABLE_MODULES = YES;
				CLANG_ENABLE_OBJC_ARC = YES;
				CLANG_ENABLE_OBJC_WEAK = YES;
				CLANG_WARN_BLOCK_CAPTURE_AUTORELEASING = YES;
				CLANG_WARN_BOOL_CONVERSION = YES;
				CLANG_WARN_COMMA = YES;
				CLANG_WARN_CONSTANT_CONVERSION = YES;
				CLANG_WARN_DEPRECATED_OBJC_IMPLEMENTATIONS = YES;
				CLANG_WARN_DIRECT_OBJC_ISA_USAGE = YES_ERROR;
				CLANG_WARN_DOCUMENTATION_COMMENTS = YES;
				CLANG_WARN_EMPTY_BODY = YES;
				CLANG_WARN_ENUM_CONVERSION = YES;
				CLANG_WARN_INFINITE_RECURSION = YES;
				CLANG_WARN_INT_CONVERSION = YES;
				CLANG_WARN_NON_LITERAL_NULL_CONVERSION = YES;
				CLANG_WARN_OBJC_IMPLICIT_RETAIN_SELF = YES;
				CLANG_WARN_OBJC_LITERAL_CONVERSION = YES;
				CLANG_WARN_OBJC_ROOT_CLASS = YES_ERROR;
				CLANG_WARN_QUOTED_INCLUDE_IN_FRAMEWORK_HEADER = YES;
				CLANG_WARN_RANGE_LOOP_ANALYSIS = YES;
				CLANG_WARN_STRICT_PROTOTYPES = YES;
				CLANG_WARN_SUSPICIOUS_MOVE = YES;
				CLANG_WARN_UNGUARDED_AVAILABILITY = YES_AGGRESSIVE;
				CLANG_WARN_UNREACHABLE_CODE = YES;
				CLANG_WARN__DUPLICATE_METHOD_MATCH = YES;
				COPY_PHASE_STRIP = NO;
				DEBUG_INFORMATION_FORMAT = dwarf;
				ENABLE_STRICT_OBJC_MSGSEND = YES;
				ENABLE_TESTABILITY = YES;
				GCC_C_LANGUAGE_STANDARD = gnu11;
				GCC_DYNAMIC_NO_PIC = NO;
				GCC_NO_COMMON_BLOCKS = YES;
				GCC_OPTIMIZATION_LEVEL = 0;
				GCC_PREPROCESSOR_DEFINITIONS = (
					"DEBUG=1",
					"$(inherited)",
				);
				GCC_WARN_64_TO_32_BIT_CONVERSION = YES;
				GCC_WARN_ABOUT_RETURN_TYPE = YES_ERROR;
				GCC_WARN_UNDECLARED_SELECTOR = YES;
				GCC_WARN_UNINITIALIZED_AUTOS = YES_AGGRESSIVE;
				GCC_WARN_UNUSED_FUNCTION = YES;
				GCC_WARN_UNUSED_VARIABLE = YES;
				IPHONEOS_DEPLOYMENT_TARGET = 14.2;
				MTL_ENABLE_DEBUG_INFO = INCLUDE_SOURCE;
				MTL_FAST_MATH = YES;
				ONLY_ACTIVE_ARCH = YES;
				SDKROOT = iphoneos;
				SWIFT_ACTIVE_COMPILATION_CONDITIONS = DEBUG;
				SWIFT_OPTIMIZATION_LEVEL = "-Onone";
			};
			name = Debug;
		};
		01D07CB325EB6CD000BBA5DB /* Release */ = {
			isa = XCBuildConfiguration;
			buildSettings = {
				ALWAYS_SEARCH_USER_PATHS = NO;
				CLANG_ANALYZER_NONNULL = YES;
				CLANG_ANALYZER_NUMBER_OBJECT_CONVERSION = YES_AGGRESSIVE;
				CLANG_CXX_LANGUAGE_STANDARD = "gnu++14";
				CLANG_CXX_LIBRARY = "libc++";
				CLANG_ENABLE_MODULES = YES;
				CLANG_ENABLE_OBJC_ARC = YES;
				CLANG_ENABLE_OBJC_WEAK = YES;
				CLANG_WARN_BLOCK_CAPTURE_AUTORELEASING = YES;
				CLANG_WARN_BOOL_CONVERSION = YES;
				CLANG_WARN_COMMA = YES;
				CLANG_WARN_CONSTANT_CONVERSION = YES;
				CLANG_WARN_DEPRECATED_OBJC_IMPLEMENTATIONS = YES;
				CLANG_WARN_DIRECT_OBJC_ISA_USAGE = YES_ERROR;
				CLANG_WARN_DOCUMENTATION_COMMENTS = YES;
				CLANG_WARN_EMPTY_BODY = YES;
				CLANG_WARN_ENUM_CONVERSION = YES;
				CLANG_WARN_INFINITE_RECURSION = YES;
				CLANG_WARN_INT_CONVERSION = YES;
				CLANG_WARN_NON_LITERAL_NULL_CONVERSION = YES;
				CLANG_WARN_OBJC_IMPLICIT_RETAIN_SELF = YES;
				CLANG_WARN_OBJC_LITERAL_CONVERSION = YES;
				CLANG_WARN_OBJC_ROOT_CLASS = YES_ERROR;
				CLANG_WARN_QUOTED_INCLUDE_IN_FRAMEWORK_HEADER = YES;
				CLANG_WARN_RANGE_LOOP_ANALYSIS = YES;
				CLANG_WARN_STRICT_PROTOTYPES = YES;
				CLANG_WARN_SUSPICIOUS_MOVE = YES;
				CLANG_WARN_UNGUARDED_AVAILABILITY = YES_AGGRESSIVE;
				CLANG_WARN_UNREACHABLE_CODE = YES;
				CLANG_WARN__DUPLICATE_METHOD_MATCH = YES;
				COPY_PHASE_STRIP = NO;
				DEBUG_INFORMATION_FORMAT = "dwarf-with-dsym";
				ENABLE_NS_ASSERTIONS = NO;
				ENABLE_STRICT_OBJC_MSGSEND = YES;
				GCC_C_LANGUAGE_STANDARD = gnu11;
				GCC_NO_COMMON_BLOCKS = YES;
				GCC_WARN_64_TO_32_BIT_CONVERSION = YES;
				GCC_WARN_ABOUT_RETURN_TYPE = YES_ERROR;
				GCC_WARN_UNDECLARED_SELECTOR = YES;
				GCC_WARN_UNINITIALIZED_AUTOS = YES_AGGRESSIVE;
				GCC_WARN_UNUSED_FUNCTION = YES;
				GCC_WARN_UNUSED_VARIABLE = YES;
				IPHONEOS_DEPLOYMENT_TARGET = 14.2;
				MTL_ENABLE_DEBUG_INFO = NO;
				MTL_FAST_MATH = YES;
				SDKROOT = iphoneos;
				SWIFT_COMPILATION_MODE = wholemodule;
				SWIFT_OPTIMIZATION_LEVEL = "-O";
				VALIDATE_PRODUCT = YES;
			};
			name = Release;
		};
		01D07CB525EB6CD000BBA5DB /* Debug */ = {
			isa = XCBuildConfiguration;
			buildSettings = {
				ASSETCATALOG_COMPILER_APPICON_NAME = AppIcon;
				ASSETCATALOG_COMPILER_GLOBAL_ACCENT_COLOR_NAME = AccentColor;
				CODE_SIGN_STYLE = Automatic;
				DEVELOPMENT_ASSET_PATHS = "\"VrPlayer/Preview Content\"";
				DEVELOPMENT_TEAM = W93NKTN6R7;
				ENABLE_PREVIEWS = YES;
				INFOPLIST_FILE = VrPlayer/Info.plist;
				LD_RUNPATH_SEARCH_PATHS = (
					"$(inherited)",
					"@executable_path/Frameworks",
				);
				PRODUCT_BUNDLE_IDENTIFIER = imai.VrPlayer;
				PRODUCT_NAME = "$(TARGET_NAME)";
				SWIFT_VERSION = 5.0;
				TARGETED_DEVICE_FAMILY = "1,2";
			};
			name = Debug;
		};
		01D07CB625EB6CD000BBA5DB /* Release */ = {
			isa = XCBuildConfiguration;
			buildSettings = {
				ASSETCATALOG_COMPILER_APPICON_NAME = AppIcon;
				ASSETCATALOG_COMPILER_GLOBAL_ACCENT_COLOR_NAME = AccentColor;
				CODE_SIGN_STYLE = Automatic;
				DEVELOPMENT_ASSET_PATHS = "\"VrPlayer/Preview Content\"";
				DEVELOPMENT_TEAM = W93NKTN6R7;
				ENABLE_PREVIEWS = YES;
				INFOPLIST_FILE = VrPlayer/Info.plist;
				LD_RUNPATH_SEARCH_PATHS = (
					"$(inherited)",
					"@executable_path/Frameworks",
				);
				PRODUCT_BUNDLE_IDENTIFIER = imai.VrPlayer;
				PRODUCT_NAME = "$(TARGET_NAME)";
				SWIFT_VERSION = 5.0;
				TARGETED_DEVICE_FAMILY = "1,2";
			};
			name = Release;
		};
/* End XCBuildConfiguration section */

/* Begin XCConfigurationList section */
		01D07C9B25EB6CCF00BBA5DB /* Build configuration list for PBXProject "VrPlayer" */ = {
			isa = XCConfigurationList;
			buildConfigurations = (
				01D07CB225EB6CD000BBA5DB /* Debug */,
				01D07CB325EB6CD000BBA5DB /* Release */,
			);
			defaultConfigurationIsVisible = 0;
			defaultConfigurationName = Release;
		};
		01D07CB425EB6CD000BBA5DB /* Build configuration list for PBXNativeTarget "VrPlayer" */ = {
			isa = XCConfigurationList;
			buildConfigurations = (
				01D07CB525EB6CD000BBA5DB /* Debug */,
				01D07CB625EB6CD000BBA5DB /* Release */,
			);
			defaultConfigurationIsVisible = 0;
			defaultConfigurationName = Release;
		};
/* End XCConfigurationList section */
	};
	rootObject = 01D07C9825EB6CCF00BBA5DB /* Project object */;
}
